
Microsoft Visual Studio Solution File, Format Version 12.00
# Visual Studio Version 17
VisualStudioVersion = 17.9.34728.123
MinimumVisualStudioVersion = 10.0.40219.1
Project("{FAE04EC0-301F-11D3-BF4B-00C04F79EFBC}") = "Task1", "Task1.csproj", "{8FDE5148-3F9E-4973-8370-AE274F9418F2}"
EndProject
Global
	GlobalSection(SolutionConfigurationPlatforms) = preSolution
		Debug|Any CPU = Debug|Any CPU
		Release|Any CPU = Release|Any CPU
	EndGlobalSection
	GlobalSection(ProjectConfigurationPlatforms) = postSolution
		{8FDE5148-3F9E-4973-8370-AE274F9418F2}.Debug|Any CPU.ActiveCfg = Debug|Any CPU
		{8FDE5148-3F9E-4973-8370-AE274F9418F2}.Debug|Any CPU.Build.0 = Debug|Any CPU
		{8FDE5148-3F9E-4973-8370-AE274F9418F2}.Release|Any CPU.ActiveCfg = Release|Any CPU
		{8FDE5148-3F9E-4973-8370-AE274F9418F2}.Release|Any CPU.Build.0 = Release|Any CPU
	EndGlobalSection
	GlobalSection(SolutionProperties) = preSolution
		HideSolutionNode = FALSE
	EndGlobalSection
	GlobalSection(ExtensibilityGlobals) = postSolution
		SolutionGuid = {C77DAC85-9096-4C3E-A302-59B2BED51FF8}
	EndGlobalSection
EndGlobal
